
Microsoft Visual Studio Solution File, Format Version 12.00
# Visual Studio Version 16
VisualStudioVersion = 16.0.31515.178
MinimumVisualStudioVersion = 10.0.40219.1
Project("{FAE04EC0-301F-11D3-BF4B-00C04F79EFBC}") = "CoherentTasks", "CoherentTasks\CoherentTasks.csproj", "{34A4C7E4-0B2E-416C-8C40-843C89B79D8D}"
EndProject
Global
	GlobalSection(SolutionConfigurationPlatforms) = preSolution
		Debug|Any CPU = Debug|Any CPU
		Release|Any CPU = Release|Any CPU
	EndGlobalSection
	GlobalSection(ProjectConfigurationPlatforms) = postSolution
		{34A4C7E4-0B2E-416C-8C40-843C89B79D8D}.Debug|Any CPU.ActiveCfg = Debug|Any CPU
		{34A4C7E4-0B2E-416C-8C40-843C89B79D8D}.Debug|Any CPU.Build.0 = Debug|Any CPU
		{34A4C7E4-0B2E-416C-8C40-843C89B79D8D}.Release|Any CPU.ActiveCfg = Release|Any CPU
		{34A4C7E4-0B2E-416C-8C40-843C89B79D8D}.Release|Any CPU.Build.0 = Release|Any CPU
	EndGlobalSection
	GlobalSection(SolutionProperties) = preSolution
		HideSolutionNode = FALSE
	EndGlobalSection
	GlobalSection(ExtensibilityGlobals) = postSolution
		SolutionGuid = {694A0AFA-5E29-42B3-AC35-D04C7DD36D55}
	EndGlobalSection
EndGlobal
